
Microsoft Visual Studio Solution File, Format Version 12.00
# Visual Studio Version 17
VisualStudioVersion = 17.7.34221.43
MinimumVisualStudioVersion = 10.0.40219.1
Project("{FAE04EC0-301F-11D3-BF4B-00C04F79EFBC}") = "timer önrgi 1504", "timer önrgi 1504\timer önrgi 1504.csproj", "{F1E42CE6-A82C-4312-9955-2696E16F5A73}"
EndProject
Global
	GlobalSection(SolutionConfigurationPlatforms) = preSolution
		Debug|Any CPU = Debug|Any CPU
		Release|Any CPU = Release|Any CPU
	EndGlobalSection
	GlobalSection(ProjectConfigurationPlatforms) = postSolution
		{F1E42CE6-A82C-4312-9955-2696E16F5A73}.Debug|Any CPU.ActiveCfg = Debug|Any CPU
		{F1E42CE6-A82C-4312-9955-2696E16F5A73}.Debug|Any CPU.Build.0 = Debug|Any CPU
		{F1E42CE6-A82C-4312-9955-2696E16F5A73}.Release|Any CPU.ActiveCfg = Release|Any CPU
		{F1E42CE6-A82C-4312-9955-2696E16F5A73}.Release|Any CPU.Build.0 = Release|Any CPU
	EndGlobalSection
	GlobalSection(SolutionProperties) = preSolution
		HideSolutionNode = FALSE
	EndGlobalSection
	GlobalSection(ExtensibilityGlobals) = postSolution
		SolutionGuid = {55E7C85F-D860-444B-B72B-5EEFD8D4BD22}
	EndGlobalSection
EndGlobal
